
Microsoft Visual Studio Solution File, Format Version 12.00
# Visual Studio Version 16
VisualStudioVersion = 16.0.29911.84
MinimumVisualStudioVersion = 10.0.40219.1
Project("{FAE04EC0-301F-11D3-BF4B-00C04F79EFBC}") = "MandelbrotViewer", "MandelbrotViewer.csproj", "{B734F525-B067-4C5C-B94F-5223CCF1EB4C}"
EndProject
Global
	GlobalSection(SolutionConfigurationPlatforms) = preSolution
		Debug|Any CPU = Debug|Any CPU
		Release|Any CPU = Release|Any CPU
	EndGlobalSection
	GlobalSection(ProjectConfigurationPlatforms) = postSolution
		{B734F525-B067-4C5C-B94F-5223CCF1EB4C}.Debug|Any CPU.ActiveCfg = Debug|Any CPU
		{B734F525-B067-4C5C-B94F-5223CCF1EB4C}.Debug|Any CPU.Build.0 = Debug|Any CPU
		{B734F525-B067-4C5C-B94F-5223CCF1EB4C}.Release|Any CPU.ActiveCfg = Release|Any CPU
		{B734F525-B067-4C5C-B94F-5223CCF1EB4C}.Release|Any CPU.Build.0 = Release|Any CPU
	EndGlobalSection
	GlobalSection(SolutionProperties) = preSolution
		HideSolutionNode = FALSE
	EndGlobalSection
	GlobalSection(ExtensibilityGlobals) = postSolution
		SolutionGuid = {4575BB95-5AAA-44CB-A92F-B48BC3A3494C}
	EndGlobalSection
EndGlobal
